
Microsoft Visual Studio Solution File, Format Version 12.00
# Visual Studio Version 17
VisualStudioVersion = 17.10.34928.147
MinimumVisualStudioVersion = 10.0.40219.1
Project("{FAE04EC0-301F-11D3-BF4B-00C04F79EFBC}") = "SimmyWeb", "SimmyWeb\SimmyWeb.csproj", "{8C642722-B9E6-482E-88CB-CD29CA5B2BB3}"
EndProject
Global
	GlobalSection(SolutionConfigurationPlatforms) = preSolution
		Debug|Any CPU = Debug|Any CPU
		Release|Any CPU = Release|Any CPU
	EndGlobalSection
	GlobalSection(ProjectConfigurationPlatforms) = postSolution
		{8C642722-B9E6-482E-88CB-CD29CA5B2BB3}.Debug|Any CPU.ActiveCfg = Debug|Any CPU
		{8C642722-B9E6-482E-88CB-CD29CA5B2BB3}.Debug|Any CPU.Build.0 = Debug|Any CPU
		{8C642722-B9E6-482E-88CB-CD29CA5B2BB3}.Release|Any CPU.ActiveCfg = Release|Any CPU
		{8C642722-B9E6-482E-88CB-CD29CA5B2BB3}.Release|Any CPU.Build.0 = Release|Any CPU
	EndGlobalSection
	GlobalSection(SolutionProperties) = preSolution
		HideSolutionNode = FALSE
	EndGlobalSection
	GlobalSection(ExtensibilityGlobals) = postSolution
		SolutionGuid = {D22F25D7-899B-4B27-977D-9E73888261F6}
	EndGlobalSection
EndGlobal
